
Microsoft Visual Studio Solution File, Format Version 12.00
# Visual Studio Version 17
VisualStudioVersion = 17.10.35122.118
MinimumVisualStudioVersion = 10.0.40219.1
Project("{FAE04EC0-301F-11D3-BF4B-00C04F79EFBC}") = "WPFAttachedBehavior", "WPFAttachedBehavior\WPFAttachedBehavior.csproj", "{0D84876D-1421-4C93-BBD2-641E711FF5D5}"
EndProject
Project("{FAE04EC0-301F-11D3-BF4B-00C04F79EFBC}") = "AttachedBehavior", "AttachedBehavior\AttachedBehavior.csproj", "{3EA342E2-C3DD-4118-B335-E02B1C931604}"
EndProject
Global
	GlobalSection(SolutionConfigurationPlatforms) = preSolution
		Debug|Any CPU = Debug|Any CPU
		Release|Any CPU = Release|Any CPU
	EndGlobalSection
	GlobalSection(ProjectConfigurationPlatforms) = postSolution
		{0D84876D-1421-4C93-BBD2-641E711FF5D5}.Debug|Any CPU.ActiveCfg = Debug|Any CPU
		{0D84876D-1421-4C93-BBD2-641E711FF5D5}.Debug|Any CPU.Build.0 = Debug|Any CPU
		{0D84876D-1421-4C93-BBD2-641E711FF5D5}.Release|Any CPU.ActiveCfg = Release|Any CPU
		{0D84876D-1421-4C93-BBD2-641E711FF5D5}.Release|Any CPU.Build.0 = Release|Any CPU
		{3EA342E2-C3DD-4118-B335-E02B1C931604}.Debug|Any CPU.ActiveCfg = Debug|Any CPU
		{3EA342E2-C3DD-4118-B335-E02B1C931604}.Debug|Any CPU.Build.0 = Debug|Any CPU
		{3EA342E2-C3DD-4118-B335-E02B1C931604}.Release|Any CPU.ActiveCfg = Release|Any CPU
		{3EA342E2-C3DD-4118-B335-E02B1C931604}.Release|Any CPU.Build.0 = Release|Any CPU
	EndGlobalSection
	GlobalSection(SolutionProperties) = preSolution
		HideSolutionNode = FALSE
	EndGlobalSection
	GlobalSection(ExtensibilityGlobals) = postSolution
		SolutionGuid = {0FD842F0-99EC-49B7-AB77-F8759FC47CC4}
	EndGlobalSection
EndGlobal
